
Microsoft Visual Studio Solution File, Format Version 12.00
# Visual Studio Version 16
VisualStudioVersion = 16.0.31229.75
MinimumVisualStudioVersion = 10.0.40219.1
Project("{9A19103F-16F7-4668-BE54-9A1E7A4F7556}") = "BookStoreBackEnd", "BookStoreBackEnd.csproj", "{227C7023-AB0F-42D7-AD32-F6C7D0DFFB85}"
EndProject
Project("{9A19103F-16F7-4668-BE54-9A1E7A4F7556}") = "BookStoreRepository", "..\Repository\BookStoreRepository.csproj", "{D0613FC0-70F3-4748-9379-2B12F93CCEAD}"
EndProject
Project("{9A19103F-16F7-4668-BE54-9A1E7A4F7556}") = "BookStoreManager", "..\Manager\BookStoreManager.csproj", "{CEBA4352-53CB-4F67-A8F5-4426200C6C65}"
EndProject
Project("{FAE04EC0-301F-11D3-BF4B-00C04F79EFBC}") = "BookStoreModel", "..\BookStoreModel\BookStoreModel.csproj", "{E1BFE09C-0F74-4F82-BD34-2F556D4E2FA1}"
EndProject
Global
	GlobalSection(SolutionConfigurationPlatforms) = preSolution
		Debug|Any CPU = Debug|Any CPU
		Release|Any CPU = Release|Any CPU
	EndGlobalSection
	GlobalSection(ProjectConfigurationPlatforms) = postSolution
		{227C7023-AB0F-42D7-AD32-F6C7D0DFFB85}.Debug|Any CPU.ActiveCfg = Debug|Any CPU
		{227C7023-AB0F-42D7-AD32-F6C7D0DFFB85}.Debug|Any CPU.Build.0 = Debug|Any CPU
		{227C7023-AB0F-42D7-AD32-F6C7D0DFFB85}.Release|Any CPU.ActiveCfg = Release|Any CPU
		{227C7023-AB0F-42D7-AD32-F6C7D0DFFB85}.Release|Any CPU.Build.0 = Release|Any CPU
		{D0613FC0-70F3-4748-9379-2B12F93CCEAD}.Debug|Any CPU.ActiveCfg = Debug|Any CPU
		{D0613FC0-70F3-4748-9379-2B12F93CCEAD}.Debug|Any CPU.Build.0 = Debug|Any CPU
		{D0613FC0-70F3-4748-9379-2B12F93CCEAD}.Release|Any CPU.ActiveCfg = Release|Any CPU
		{D0613FC0-70F3-4748-9379-2B12F93CCEAD}.Release|Any CPU.Build.0 = Release|Any CPU
		{CEBA4352-53CB-4F67-A8F5-4426200C6C65}.Debug|Any CPU.ActiveCfg = Debug|Any CPU
		{CEBA4352-53CB-4F67-A8F5-4426200C6C65}.Debug|Any CPU.Build.0 = Debug|Any CPU
		{CEBA4352-53CB-4F67-A8F5-4426200C6C65}.Release|Any CPU.ActiveCfg = Release|Any CPU
		{CEBA4352-53CB-4F67-A8F5-4426200C6C65}.Release|Any CPU.Build.0 = Release|Any CPU
		{E1BFE09C-0F74-4F82-BD34-2F556D4E2FA1}.Debug|Any CPU.ActiveCfg = Debug|Any CPU
		{E1BFE09C-0F74-4F82-BD34-2F556D4E2FA1}.Debug|Any CPU.Build.0 = Debug|Any CPU
		{E1BFE09C-0F74-4F82-BD34-2F556D4E2FA1}.Release|Any CPU.ActiveCfg = Release|Any CPU
		{E1BFE09C-0F74-4F82-BD34-2F556D4E2FA1}.Release|Any CPU.Build.0 = Release|Any CPU
	EndGlobalSection
	GlobalSection(SolutionProperties) = preSolution
		HideSolutionNode = FALSE
	EndGlobalSection
	GlobalSection(ExtensibilityGlobals) = postSolution
		SolutionGuid = {165028A2-9DD3-44F7-BE73-B3928EE8B937}
	EndGlobalSection
EndGlobal
